# This file is autogenerated, do not edit; changes may be undone by the next 'dep ensure'.


[[projects]]
  branch = "master"
  name = "github.com/ibrasho/deplib"
  packages = ["."]
  revision = "e4f6e81737702d26be81c620c5acd50395896d18"

[[projects]]
  name = "github.com/pkg/errors"
  packages = ["."]
  revision = "e8c21980b626a566acd580f91bc8f68921796ec5"
  version = "v0.5.1"

[solve-meta]
  analyzer-name = "dep"
  analyzer-version = 1
  inputs-digest = "cc96c271db4ed669d2be6bf427716f5c3d28596bff174f5ec759f24d9386f94b"
  solver-name = "gps-cdcl"
  solver-version = 1
